
Microsoft Visual Studio Solution File, Format Version 12.00
# Visual Studio 15
VisualStudioVersion = 15.0.27004.2009
MinimumVisualStudioVersion = 10.0.40219.1
Project("{FAE04EC0-301F-11D3-BF4B-00C04F79EFBC}") = "TPIS", "TPIS\TPIS.csproj", "{5469F238-867B-4052-8408-730C04E7FF96}"
EndProject
Global
	GlobalSection(SolutionConfigurationPlatforms) = preSolution
		Debug|Any CPU = Debug|Any CPU
		Release|Any CPU = Release|Any CPU
	EndGlobalSection
	GlobalSection(ProjectConfigurationPlatforms) = postSolution
		{5469F238-867B-4052-8408-730C04E7FF96}.Debug|Any CPU.ActiveCfg = Debug|Any CPU
		{5469F238-867B-4052-8408-730C04E7FF96}.Debug|Any CPU.Build.0 = Debug|Any CPU
		{5469F238-867B-4052-8408-730C04E7FF96}.Release|Any CPU.ActiveCfg = Release|Any CPU
		{5469F238-867B-4052-8408-730C04E7FF96}.Release|Any CPU.Build.0 = Release|Any CPU
	EndGlobalSection
	GlobalSection(SolutionProperties) = preSolution
		HideSolutionNode = FALSE
	EndGlobalSection
	GlobalSection(ExtensibilityGlobals) = postSolution
		SolutionGuid = {5BFC3FCA-D6A5-4432-89F5-DEBB19F5D98F}
	EndGlobalSection
EndGlobal
